
Microsoft Visual Studio Solution File, Format Version 12.00
# Visual Studio 14
VisualStudioVersion = 14.0.25123.0
MinimumVisualStudioVersion = 10.0.40219.1
Project("{FAE04EC0-301F-11D3-BF4B-00C04F79EFBC}") = "TexcelASPNETbyEddy", "TexcelASPNETbyEddy\TexcelASPNETbyEddy.csproj", "{7524CD03-E66A-4D68-BC8B-6B480AC3CC15}"
EndProject
Project("{FAE04EC0-301F-11D3-BF4B-00C04F79EFBC}") = "TexcelASPNETbyEddy.Tests", "TexcelASPNETbyEddy.Tests\TexcelASPNETbyEddy.Tests.csproj", "{CECF8F77-C77D-468C-811C-94347242CF02}"
EndProject
Global
	GlobalSection(SolutionConfigurationPlatforms) = preSolution
		Debug|Any CPU = Debug|Any CPU
		Release|Any CPU = Release|Any CPU
	EndGlobalSection
	GlobalSection(ProjectConfigurationPlatforms) = postSolution
		{7524CD03-E66A-4D68-BC8B-6B480AC3CC15}.Debug|Any CPU.ActiveCfg = Debug|Any CPU
		{7524CD03-E66A-4D68-BC8B-6B480AC3CC15}.Debug|Any CPU.Build.0 = Debug|Any CPU
		{7524CD03-E66A-4D68-BC8B-6B480AC3CC15}.Release|Any CPU.ActiveCfg = Release|Any CPU
		{7524CD03-E66A-4D68-BC8B-6B480AC3CC15}.Release|Any CPU.Build.0 = Release|Any CPU
		{CECF8F77-C77D-468C-811C-94347242CF02}.Debug|Any CPU.ActiveCfg = Debug|Any CPU
		{CECF8F77-C77D-468C-811C-94347242CF02}.Debug|Any CPU.Build.0 = Debug|Any CPU
		{CECF8F77-C77D-468C-811C-94347242CF02}.Release|Any CPU.ActiveCfg = Release|Any CPU
		{CECF8F77-C77D-468C-811C-94347242CF02}.Release|Any CPU.Build.0 = Release|Any CPU
	EndGlobalSection
	GlobalSection(SolutionProperties) = preSolution
		HideSolutionNode = FALSE
	EndGlobalSection
EndGlobal
